// !$*UTF8*$!
{
	archiveVersion = 1;
	classes = {
	};
	objectVersion = 56;
	objects = {

/* Begin PBXBuildFile section */
		A20C3D7829AA3BE00020CCE2 /* MoodLineView.swift in Sources */ = {isa = PBXBuildFile; fileRef = A20C3D7729AA3BE00020CCE2 /* MoodLineView.swift */; };
		A23F66A929911B70009E279D /* TaskNumCardView.swift in Sources */ = {isa = PBXBuildFile; fileRef = A23F66A829911B70009E279D /* TaskNumCardView.swift */; };
		A23F66AB29924417009E279D /* SubtaskModel.swift in Sources */ = {isa = PBXBuildFile; fileRef = A23F66AA29924417009E279D /* SubtaskModel.swift */; };
		A23F66AE2993BB36009E279D /* LockAppView.swift in Sources */ = {isa = PBXBuildFile; fileRef = A23F66AD2993BB36009E279D /* LockAppView.swift */; };
		A23F66B02993BDB2009E279D /* LockAppViewModel.swift in Sources */ = {isa = PBXBuildFile; fileRef = A23F66AF2993BDB2009E279D /* LockAppViewModel.swift */; };
		A23F66B229954628009E279D /* UserToolbar.swift in Sources */ = {isa = PBXBuildFile; fileRef = A23F66B129954628009E279D /* UserToolbar.swift */; };
		A23F66B5299BD09C009E279D /* MoodView.swift in Sources */ = {isa = PBXBuildFile; fileRef = A23F66B4299BD09C009E279D /* MoodView.swift */; };
		A23F66B7299BD3F9009E279D /* MoodInputCardView.swift in Sources */ = {isa = PBXBuildFile; fileRef = A23F66B6299BD3F9009E279D /* MoodInputCardView.swift */; };
		A23F66B9299BD719009E279D /* MoodModel.swift in Sources */ = {isa = PBXBuildFile; fileRef = A23F66B8299BD719009E279D /* MoodModel.swift */; };
		A23F66BC299BDE3E009E279D /* AddMoodService.swift in Sources */ = {isa = PBXBuildFile; fileRef = A23F66BB299BDE3E009E279D /* AddMoodService.swift */; };
		A23F66BE299BDF96009E279D /* AddMoodViewModel.swift in Sources */ = {isa = PBXBuildFile; fileRef = A23F66BD299BDF96009E279D /* AddMoodViewModel.swift */; };
		A248303229B328A500C6FC06 /* NearlyDueCardView.swift in Sources */ = {isa = PBXBuildFile; fileRef = A248303129B328A500C6FC06 /* NearlyDueCardView.swift */; };
		A24D42BA29B8D84F00313720 /* MoodCalendarView.swift in Sources */ = {isa = PBXBuildFile; fileRef = A24D42B929B8D84F00313720 /* MoodCalendarView.swift */; };
		A24D42DF29B9F07F00313720 /* CheerVideoView.swift in Sources */ = {isa = PBXBuildFile; fileRef = A24D42DE29B9F07F00313720 /* CheerVideoView.swift */; };
		A24D42E129B9F0AB00313720 /* WebViewModel.swift in Sources */ = {isa = PBXBuildFile; fileRef = A24D42E029B9F0AB00313720 /* WebViewModel.swift */; };
		A24D42E329B9F0D600313720 /* WebViewContainer.swift in Sources */ = {isa = PBXBuildFile; fileRef = A24D42E229B9F0D600313720 /* WebViewContainer.swift */; };
		A264278729A53B5F009C9F78 /* MoodSelection.swift in Sources */ = {isa = PBXBuildFile; fileRef = A264278629A53B5F009C9F78 /* MoodSelection.swift */; };
		A264278A29A571C0009C9F78 /* GetMoodViewModel.swift in Sources */ = {isa = PBXBuildFile; fileRef = A264278929A571C0009C9F78 /* GetMoodViewModel.swift */; };
		A264278C29A57DD9009C9F78 /* MoodChartView.swift in Sources */ = {isa = PBXBuildFile; fileRef = A264278B29A57DD9009C9F78 /* MoodChartView.swift */; };
		A271D48A2977EED300A8AAC6 /* LoginView.swift in Sources */ = {isa = PBXBuildFile; fileRef = A271D4892977EED300A8AAC6 /* LoginView.swift */; };
		A271D48D2977EFF700A8AAC6 /* TextFieldView.swift in Sources */ = {isa = PBXBuildFile; fileRef = A271D48C2977EFF700A8AAC6 /* TextFieldView.swift */; };
		A271D48F2977F6EF00A8AAC6 /* SecureFieldView.swift in Sources */ = {isa = PBXBuildFile; fileRef = A271D48E2977F6EF00A8AAC6 /* SecureFieldView.swift */; };
		A271D4912977F7CC00A8AAC6 /* ButtonView.swift in Sources */ = {isa = PBXBuildFile; fileRef = A271D4902977F7CC00A8AAC6 /* ButtonView.swift */; };
		A271D4942977FFD200A8AAC6 /* RegisterView.swift in Sources */ = {isa = PBXBuildFile; fileRef = A271D4932977FFD200A8AAC6 /* RegisterView.swift */; };
		A271D496297801C000A8AAC6 /* CloseModifier.swift in Sources */ = {isa = PBXBuildFile; fileRef = A271D495297801C000A8AAC6 /* CloseModifier.swift */; };
		A271D499297803A900A8AAC6 /* HomeView.swift in Sources */ = {isa = PBXBuildFile; fileRef = A271D498297803A900A8AAC6 /* HomeView.swift */; };
		A271D49C2978067400A8AAC6 /* ResetPasswordView.swift in Sources */ = {isa = PBXBuildFile; fileRef = A271D49B2978067400A8AAC6 /* ResetPasswordView.swift */; };
		A271D49E297819F000A8AAC6 /* RegisterDetailsModel.swift in Sources */ = {isa = PBXBuildFile; fileRef = A271D49D297819F000A8AAC6 /* RegisterDetailsModel.swift */; };
		A271D4A029781A5600A8AAC6 /* RegisterService.swift in Sources */ = {isa = PBXBuildFile; fileRef = A271D49F29781A5600A8AAC6 /* RegisterService.swift */; };
		A271D4A2297820E200A8AAC6 /* RegisterViewModel.swift in Sources */ = {isa = PBXBuildFile; fileRef = A271D4A1297820E200A8AAC6 /* RegisterViewModel.swift */; };
		A271D4A529782F4100A8AAC6 /* SessionUserModel.swift in Sources */ = {isa = PBXBuildFile; fileRef = A271D4A429782F4100A8AAC6 /* SessionUserModel.swift */; };
		A271D4A729782FF200A8AAC6 /* SessionService.swift in Sources */ = {isa = PBXBuildFile; fileRef = A271D4A629782FF200A8AAC6 /* SessionService.swift */; };
		A271D4A929783C4E00A8AAC6 /* GoogleService-Info.plist in Resources */ = {isa = PBXBuildFile; fileRef = A271D4A829783C4E00A8AAC6 /* GoogleService-Info.plist */; };
		A271D4AB29783E2D00A8AAC6 /* LoginDetailsModel.swift in Sources */ = {isa = PBXBuildFile; fileRef = A271D4AA29783E2D00A8AAC6 /* LoginDetailsModel.swift */; };
		A271D4AD29783EA100A8AAC6 /* LoginService.swift in Sources */ = {isa = PBXBuildFile; fileRef = A271D4AC29783EA100A8AAC6 /* LoginService.swift */; };
		A271D4AF2978405B00A8AAC6 /* LoginViewModel.swift in Sources */ = {isa = PBXBuildFile; fileRef = A271D4AE2978405B00A8AAC6 /* LoginViewModel.swift */; };
		A271D4B12978459200A8AAC6 /* ResetPasswordService.swift in Sources */ = {isa = PBXBuildFile; fileRef = A271D4B02978459200A8AAC6 /* ResetPasswordService.swift */; };
		A271D4B32978473500A8AAC6 /* ResetPasswordViewModel.swift in Sources */ = {isa = PBXBuildFile; fileRef = A271D4B22978473500A8AAC6 /* ResetPasswordViewModel.swift */; };
		A271D4B6297899C800A8AAC6 /* AddTaskView.swift in Sources */ = {isa = PBXBuildFile; fileRef = A271D4B5297899C800A8AAC6 /* AddTaskView.swift */; };
		A271D4BA2978A0ED00A8AAC6 /* TaskModel.swift in Sources */ = {isa = PBXBuildFile; fileRef = A271D4B92978A0ED00A8AAC6 /* TaskModel.swift */; };
		A271D4BC2978A17900A8AAC6 /* AddTaskService.swift in Sources */ = {isa = PBXBuildFile; fileRef = A271D4BB2978A17900A8AAC6 /* AddTaskService.swift */; };
		A271D4BE2978A4D800A8AAC6 /* AddTaskViewModel.swift in Sources */ = {isa = PBXBuildFile; fileRef = A271D4BD2978A4D800A8AAC6 /* AddTaskViewModel.swift */; };
		A271D4C1297945AC00A8AAC6 /* ShowAllTasksView.swift in Sources */ = {isa = PBXBuildFile; fileRef = A271D4C0297945AC00A8AAC6 /* ShowAllTasksView.swift */; };
		A271D4C32979475B00A8AAC6 /* ShowTaskCardView.swift in Sources */ = {isa = PBXBuildFile; fileRef = A271D4C22979475B00A8AAC6 /* ShowTaskCardView.swift */; };
		A271D4C52979498600A8AAC6 /* ShowAllTasksViewModel.swift in Sources */ = {isa = PBXBuildFile; fileRef = A271D4C42979498600A8AAC6 /* ShowAllTasksViewModel.swift */; };
		A271D4C729795B8C00A8AAC6 /* ShowTaskDetailsView.swift in Sources */ = {isa = PBXBuildFile; fileRef = A271D4C629795B8C00A8AAC6 /* ShowTaskDetailsView.swift */; };
		A271D4CA297979F600A8AAC6 /* UpdateTaskView.swift in Sources */ = {isa = PBXBuildFile; fileRef = A271D4C9297979F600A8AAC6 /* UpdateTaskView.swift */; };
		A271D4CC29797EF100A8AAC6 /* UpdateTaskViewModel.swift in Sources */ = {isa = PBXBuildFile; fileRef = A271D4CB29797EF100A8AAC6 /* UpdateTaskViewModel.swift */; };
		A271D4CE297983D300A8AAC6 /* UpdateTaskService.swift in Sources */ = {isa = PBXBuildFile; fileRef = A271D4CD297983D300A8AAC6 /* UpdateTaskService.swift */; };
		A2823E6A298B10E400224E5A /* DatePickerView.swift in Sources */ = {isa = PBXBuildFile; fileRef = A2823E69298B10E400224E5A /* DatePickerView.swift */; };
		A2BDB20529BA0F5E00B2426E /* NotificationManager.swift in Sources */ = {isa = PBXBuildFile; fileRef = A2BDB20429BA0F5E00B2426E /* NotificationManager.swift */; };
		A2BDB20729BA0F9500B2426E /* LocalNotificationView.swift in Sources */ = {isa = PBXBuildFile; fileRef = A2BDB20629BA0F9500B2426E /* LocalNotificationView.swift */; };
		A2BDB20929BA1A9800B2426E /* MeditationVideoView.swift in Sources */ = {isa = PBXBuildFile; fileRef = A2BDB20829BA1A9800B2426E /* MeditationVideoView.swift */; };
		A2BDB20B29BA230200B2426E /* RiskTaskCardView.swift in Sources */ = {isa = PBXBuildFile; fileRef = A2BDB20A29BA230200B2426E /* RiskTaskCardView.swift */; };
		A2DDAA892976F18F007369AB /* firebaseTestApp.swift in Sources */ = {isa = PBXBuildFile; fileRef = A2DDAA882976F18F007369AB /* firebaseTestApp.swift */; };
		A2DDAA8B2976F18F007369AB /* ContentView.swift in Sources */ = {isa = PBXBuildFile; fileRef = A2DDAA8A2976F18F007369AB /* ContentView.swift */; };
		A2DDAA8D2976F190007369AB /* Assets.xcassets in Resources */ = {isa = PBXBuildFile; fileRef = A2DDAA8C2976F190007369AB /* Assets.xcassets */; };
		A2DDAA902976F190007369AB /* Preview Assets.xcassets in Resources */ = {isa = PBXBuildFile; fileRef = A2DDAA8F2976F190007369AB /* Preview Assets.xcassets */; };
		A2DDAA9C2976F956007369AB /* FirebaseAuth in Frameworks */ = {isa = PBXBuildFile; productRef = A2DDAA9B2976F956007369AB /* FirebaseAuth */; };
		A2DDAA9E2976F956007369AB /* FirebaseFirestore in Frameworks */ = {isa = PBXBuildFile; productRef = A2DDAA9D2976F956007369AB /* FirebaseFirestore */; };
		A2DDAAA1297740AE007369AB /* FirebaseDatabase in Frameworks */ = {isa = PBXBuildFile; productRef = A2DDAAA0297740AE007369AB /* FirebaseDatabase */; };
		A2F0DDF62979E5A9001AF1BB /* ProfileView.swift in Sources */ = {isa = PBXBuildFile; fileRef = A2F0DDF52979E5A9001AF1BB /* ProfileView.swift */; };
		A2F0DDF82979EB2A001AF1BB /* MainView.swift in Sources */ = {isa = PBXBuildFile; fileRef = A2F0DDF72979EB2A001AF1BB /* MainView.swift */; };
		A2F0DDFA2981996C001AF1BB /* TaskStatusSelection.swift in Sources */ = {isa = PBXBuildFile; fileRef = A2F0DDF92981996C001AF1BB /* TaskStatusSelection.swift */; };
		A2F0DDFC29819B61001AF1BB /* TaskStatusView.swift in Sources */ = {isa = PBXBuildFile; fileRef = A2F0DDFB29819B61001AF1BB /* TaskStatusView.swift */; };
		A2F0DDFE2981D31C001AF1BB /* TaskStatusPickerView.swift in Sources */ = {isa = PBXBuildFile; fileRef = A2F0DDFD2981D31C001AF1BB /* TaskStatusPickerView.swift */; };
/* End PBXBuildFile section */

/* Begin PBXFileReference section */
		A20C3D7729AA3BE00020CCE2 /* MoodLineView.swift */ = {isa = PBXFileReference; lastKnownFileType = sourcecode.swift; path = MoodLineView.swift; sourceTree = "<group>"; };
		A23F66A829911B70009E279D /* TaskNumCardView.swift */ = {isa = PBXFileReference; lastKnownFileType = sourcecode.swift; path = TaskNumCardView.swift; sourceTree = "<group>"; };
		A23F66AA29924417009E279D /* SubtaskModel.swift */ = {isa = PBXFileReference; lastKnownFileType = sourcecode.swift; path = SubtaskModel.swift; sourceTree = "<group>"; };
		A23F66AD2993BB36009E279D /* LockAppView.swift */ = {isa = PBXFileReference; lastKnownFileType = sourcecode.swift; path = LockAppView.swift; sourceTree = "<group>"; };
		A23F66AF2993BDB2009E279D /* LockAppViewModel.swift */ = {isa = PBXFileReference; lastKnownFileType = sourcecode.swift; path = LockAppViewModel.swift; sourceTree = "<group>"; };
		A23F66B129954628009E279D /* UserToolbar.swift */ = {isa = PBXFileReference; lastKnownFileType = sourcecode.swift; path = UserToolbar.swift; sourceTree = "<group>"; };
		A23F66B4299BD09C009E279D /* MoodView.swift */ = {isa = PBXFileReference; lastKnownFileType = sourcecode.swift; path = MoodView.swift; sourceTree = "<group>"; };
		A23F66B6299BD3F9009E279D /* MoodInputCardView.swift */ = {isa = PBXFileReference; lastKnownFileType = sourcecode.swift; path = MoodInputCardView.swift; sourceTree = "<group>"; };
		A23F66B8299BD719009E279D /* MoodModel.swift */ = {isa = PBXFileReference; lastKnownFileType = sourcecode.swift; path = MoodModel.swift; sourceTree = "<group>"; };
		A23F66BB299BDE3E009E279D /* AddMoodService.swift */ = {isa = PBXFileReference; lastKnownFileType = sourcecode.swift; path = AddMoodService.swift; sourceTree = "<group>"; };
		A23F66BD299BDF96009E279D /* AddMoodViewModel.swift */ = {isa = PBXFileReference; lastKnownFileType = sourcecode.swift; path = AddMoodViewModel.swift; sourceTree = "<group>"; };
		A248303129B328A500C6FC06 /* NearlyDueCardView.swift */ = {isa = PBXFileReference; lastKnownFileType = sourcecode.swift; path = NearlyDueCardView.swift; sourceTree = "<group>"; };
		A24D42B929B8D84F00313720 /* MoodCalendarView.swift */ = {isa = PBXFileReference; lastKnownFileType = sourcecode.swift; path = MoodCalendarView.swift; sourceTree = "<group>"; };
		A24D42DE29B9F07F00313720 /* CheerVideoView.swift */ = {isa = PBXFileReference; lastKnownFileType = sourcecode.swift; path = CheerVideoView.swift; sourceTree = "<group>"; };
		A24D42E029B9F0AB00313720 /* WebViewModel.swift */ = {isa = PBXFileReference; lastKnownFileType = sourcecode.swift; path = WebViewModel.swift; sourceTree = "<group>"; };
		A24D42E229B9F0D600313720 /* WebViewContainer.swift */ = {isa = PBXFileReference; lastKnownFileType = sourcecode.swift; path = WebViewContainer.swift; sourceTree = "<group>"; };
		A264278629A53B5F009C9F78 /* MoodSelection.swift */ = {isa = PBXFileReference; lastKnownFileType = sourcecode.swift; path = MoodSelection.swift; sourceTree = "<group>"; };
		A264278929A571C0009C9F78 /* GetMoodViewModel.swift */ = {isa = PBXFileReference; lastKnownFileType = sourcecode.swift; path = GetMoodViewModel.swift; sourceTree = "<group>"; };
		A264278B29A57DD9009C9F78 /* MoodChartView.swift */ = {isa = PBXFileReference; lastKnownFileType = sourcecode.swift; path = MoodChartView.swift; sourceTree = "<group>"; };
		A271D4892977EED300A8AAC6 /* LoginView.swift */ = {isa = PBXFileReference; lastKnownFileType = sourcecode.swift; path = LoginView.swift; sourceTree = "<group>"; };
		A271D48C2977EFF700A8AAC6 /* TextFieldView.swift */ = {isa = PBXFileReference; lastKnownFileType = sourcecode.swift; path = TextFieldView.swift; sourceTree = "<group>"; };
		A271D48E2977F6EF00A8AAC6 /* SecureFieldView.swift */ = {isa = PBXFileReference; lastKnownFileType = sourcecode.swift; path = SecureFieldView.swift; sourceTree = "<group>"; };
		A271D4902977F7CC00A8AAC6 /* ButtonView.swift */ = {isa = PBXFileReference; lastKnownFileType = sourcecode.swift; path = ButtonView.swift; sourceTree = "<group>"; };
		A271D4932977FFD200A8AAC6 /* RegisterView.swift */ = {isa = PBXFileReference; lastKnownFileType = sourcecode.swift; path = RegisterView.swift; sourceTree = "<group>"; };
		A271D495297801C000A8AAC6 /* CloseModifier.swift */ = {isa = PBXFileReference; lastKnownFileType = sourcecode.swift; path = CloseModifier.swift; sourceTree = "<group>"; };
		A271D498297803A900A8AAC6 /* HomeView.swift */ = {isa = PBXFileReference; lastKnownFileType = sourcecode.swift; path = HomeView.swift; sourceTree = "<group>"; };
		A271D49B2978067400A8AAC6 /* ResetPasswordView.swift */ = {isa = PBXFileReference; lastKnownFileType = sourcecode.swift; path = ResetPasswordView.swift; sourceTree = "<group>"; };
		A271D49D297819F000A8AAC6 /* RegisterDetailsModel.swift */ = {isa = PBXFileReference; lastKnownFileType = sourcecode.swift; path = RegisterDetailsModel.swift; sourceTree = "<group>"; };
		A271D49F29781A5600A8AAC6 /* RegisterService.swift */ = {isa = PBXFileReference; lastKnownFileType = sourcecode.swift; path = RegisterService.swift; sourceTree = "<group>"; };
		A271D4A1297820E200A8AAC6 /* RegisterViewModel.swift */ = {isa = PBXFileReference; lastKnownFileType = sourcecode.swift; path = RegisterViewModel.swift; sourceTree = "<group>"; };
		A271D4A429782F4100A8AAC6 /* SessionUserModel.swift */ = {isa = PBXFileReference; lastKnownFileType = sourcecode.swift; path = SessionUserModel.swift; sourceTree = "<group>"; };
		A271D4A629782FF200A8AAC6 /* SessionService.swift */ = {isa = PBXFileReference; lastKnownFileType = sourcecode.swift; path = SessionService.swift; sourceTree = "<group>"; };
		A271D4A829783C4E00A8AAC6 /* GoogleService-Info.plist */ = {isa = PBXFileReference; fileEncoding = 4; lastKnownFileType = text.plist.xml; path = "GoogleService-Info.plist"; sourceTree = "<group>"; };
		A271D4AA29783E2D00A8AAC6 /* LoginDetailsModel.swift */ = {isa = PBXFileReference; lastKnownFileType = sourcecode.swift; path = LoginDetailsModel.swift; sourceTree = "<group>"; };
		A271D4AC29783EA100A8AAC6 /* LoginService.swift */ = {isa = PBXFileReference; lastKnownFileType = sourcecode.swift; path = LoginService.swift; sourceTree = "<group>"; };
		A271D4AE2978405B00A8AAC6 /* LoginViewModel.swift */ = {isa = PBXFileReference; lastKnownFileType = sourcecode.swift; path = LoginViewModel.swift; sourceTree = "<group>"; };
		A271D4B02978459200A8AAC6 /* ResetPasswordService.swift */ = {isa = PBXFileReference; lastKnownFileType = sourcecode.swift; path = ResetPasswordService.swift; sourceTree = "<group>"; };
		A271D4B22978473500A8AAC6 /* ResetPasswordViewModel.swift */ = {isa = PBXFileReference; lastKnownFileType = sourcecode.swift; path = ResetPasswordViewModel.swift; sourceTree = "<group>"; };
		A271D4B5297899C800A8AAC6 /* AddTaskView.swift */ = {isa = PBXFileReference; lastKnownFileType = sourcecode.swift; path = AddTaskView.swift; sourceTree = "<group>"; };
		A271D4B92978A0ED00A8AAC6 /* TaskModel.swift */ = {isa = PBXFileReference; lastKnownFileType = sourcecode.swift; path = TaskModel.swift; sourceTree = "<group>"; };
		A271D4BB2978A17900A8AAC6 /* AddTaskService.swift */ = {isa = PBXFileReference; lastKnownFileType = sourcecode.swift; path = AddTaskService.swift; sourceTree = "<group>"; };
		A271D4BD2978A4D800A8AAC6 /* AddTaskViewModel.swift */ = {isa = PBXFileReference; lastKnownFileType = sourcecode.swift; path = AddTaskViewModel.swift; sourceTree = "<group>"; };
		A271D4C0297945AC00A8AAC6 /* ShowAllTasksView.swift */ = {isa = PBXFileReference; lastKnownFileType = sourcecode.swift; path = ShowAllTasksView.swift; sourceTree = "<group>"; };
		A271D4C22979475B00A8AAC6 /* ShowTaskCardView.swift */ = {isa = PBXFileReference; lastKnownFileType = sourcecode.swift; path = ShowTaskCardView.swift; sourceTree = "<group>"; };
		A271D4C42979498600A8AAC6 /* ShowAllTasksViewModel.swift */ = {isa = PBXFileReference; lastKnownFileType = sourcecode.swift; path = ShowAllTasksViewModel.swift; sourceTree = "<group>"; };
		A271D4C629795B8C00A8AAC6 /* ShowTaskDetailsView.swift */ = {isa = PBXFileReference; lastKnownFileType = sourcecode.swift; path = ShowTaskDetailsView.swift; sourceTree = "<group>"; };
		A271D4C9297979F600A8AAC6 /* UpdateTaskView.swift */ = {isa = PBXFileReference; lastKnownFileType = sourcecode.swift; path = UpdateTaskView.swift; sourceTree = "<group>"; };
		A271D4CB29797EF100A8AAC6 /* UpdateTaskViewModel.swift */ = {isa = PBXFileReference; lastKnownFileType = sourcecode.swift; path = UpdateTaskViewModel.swift; sourceTree = "<group>"; };
		A271D4CD297983D300A8AAC6 /* UpdateTaskService.swift */ = {isa = PBXFileReference; lastKnownFileType = sourcecode.swift; path = UpdateTaskService.swift; sourceTree = "<group>"; };
		A2823E69298B10E400224E5A /* DatePickerView.swift */ = {isa = PBXFileReference; lastKnownFileType = sourcecode.swift; path = DatePickerView.swift; sourceTree = "<group>"; };
		A2BDB20429BA0F5E00B2426E /* NotificationManager.swift */ = {isa = PBXFileReference; lastKnownFileType = sourcecode.swift; path = NotificationManager.swift; sourceTree = "<group>"; };
		A2BDB20629BA0F9500B2426E /* LocalNotificationView.swift */ = {isa = PBXFileReference; lastKnownFileType = sourcecode.swift; path = LocalNotificationView.swift; sourceTree = "<group>"; };
		A2BDB20829BA1A9800B2426E /* MeditationVideoView.swift */ = {isa = PBXFileReference; lastKnownFileType = sourcecode.swift; path = MeditationVideoView.swift; sourceTree = "<group>"; };
		A2BDB20A29BA230200B2426E /* RiskTaskCardView.swift */ = {isa = PBXFileReference; lastKnownFileType = sourcecode.swift; path = RiskTaskCardView.swift; sourceTree = "<group>"; };
		A2DDAA852976F18F007369AB /* firebaseTest.app */ = {isa = PBXFileReference; explicitFileType = wrapper.application; includeInIndex = 0; path = firebaseTest.app; sourceTree = BUILT_PRODUCTS_DIR; };
		A2DDAA882976F18F007369AB /* firebaseTestApp.swift */ = {isa = PBXFileReference; lastKnownFileType = sourcecode.swift; path = firebaseTestApp.swift; sourceTree = "<group>"; };
		A2DDAA8A2976F18F007369AB /* ContentView.swift */ = {isa = PBXFileReference; lastKnownFileType = sourcecode.swift; path = ContentView.swift; sourceTree = "<group>"; };
		A2DDAA8C2976F190007369AB /* Assets.xcassets */ = {isa = PBXFileReference; lastKnownFileType = folder.assetcatalog; path = Assets.xcassets; sourceTree = "<group>"; };
		A2DDAA8F2976F190007369AB /* Preview Assets.xcassets */ = {isa = PBXFileReference; lastKnownFileType = folder.assetcatalog; path = "Preview Assets.xcassets"; sourceTree = "<group>"; };
		A2F0DDF52979E5A9001AF1BB /* ProfileView.swift */ = {isa = PBXFileReference; lastKnownFileType = sourcecode.swift; path = ProfileView.swift; sourceTree = "<group>"; };
		A2F0DDF72979EB2A001AF1BB /* MainView.swift */ = {isa = PBXFileReference; lastKnownFileType = sourcecode.swift; path = MainView.swift; sourceTree = "<group>"; };
		A2F0DDF92981996C001AF1BB /* TaskStatusSelection.swift */ = {isa = PBXFileReference; lastKnownFileType = sourcecode.swift; path = TaskStatusSelection.swift; sourceTree = "<group>"; };
		A2F0DDFB29819B61001AF1BB /* TaskStatusView.swift */ = {isa = PBXFileReference; lastKnownFileType = sourcecode.swift; path = TaskStatusView.swift; sourceTree = "<group>"; };
		A2F0DDFD2981D31C001AF1BB /* TaskStatusPickerView.swift */ = {isa = PBXFileReference; lastKnownFileType = sourcecode.swift; path = TaskStatusPickerView.swift; sourceTree = "<group>"; };
/* End PBXFileReference section */

/* Begin PBXFrameworksBuildPhase section */
		A2DDAA822976F18F007369AB /* Frameworks */ = {
			isa = PBXFrameworksBuildPhase;
			buildActionMask = 2147483647;
			files = (
				A2DDAAA1297740AE007369AB /* FirebaseDatabase in Frameworks */,
				A2DDAA9C2976F956007369AB /* FirebaseAuth in Frameworks */,
				A2DDAA9E2976F956007369AB /* FirebaseFirestore in Frameworks */,
			);
			runOnlyForDeploymentPostprocessing = 0;
		};
/* End PBXFrameworksBuildPhase section */

/* Begin PBXGroup section */
		A23F66AC2993BABA009E279D /* LockApp */ = {
			isa = PBXGroup;
			children = (
				A23F66AD2993BB36009E279D /* LockAppView.swift */,
				A23F66AF2993BDB2009E279D /* LockAppViewModel.swift */,
			);
			path = LockApp;
			sourceTree = "<group>";
		};
		A23F66B3299BD07A009E279D /* Mood */ = {
			isa = PBXGroup;
			children = (
				A264278829A57179009C9F78 /* GetMood */,
				A23F66BA299BDD42009E279D /* AddMood */,
				A23F66B4299BD09C009E279D /* MoodView.swift */,
				A264278B29A57DD9009C9F78 /* MoodChartView.swift */,
				A24D42B929B8D84F00313720 /* MoodCalendarView.swift */,
				A20C3D7729AA3BE00020CCE2 /* MoodLineView.swift */,
				A23F66B6299BD3F9009E279D /* MoodInputCardView.swift */,
				A23F66B8299BD719009E279D /* MoodModel.swift */,
				A264278629A53B5F009C9F78 /* MoodSelection.swift */,
			);
			path = Mood;
			sourceTree = "<group>";
		};
		A23F66BA299BDD42009E279D /* AddMood */ = {
			isa = PBXGroup;
			children = (
				A23F66BB299BDE3E009E279D /* AddMoodService.swift */,
				A23F66BD299BDF96009E279D /* AddMoodViewModel.swift */,
			);
			path = AddMood;
			sourceTree = "<group>";
		};
		A24D42DD29B9F04D00313720 /* Recommendation */ = {
			isa = PBXGroup;
			children = (
				A24D42DE29B9F07F00313720 /* CheerVideoView.swift */,
				A24D42E029B9F0AB00313720 /* WebViewModel.swift */,
				A24D42E229B9F0D600313720 /* WebViewContainer.swift */,
				A2BDB20829BA1A9800B2426E /* MeditationVideoView.swift */,
			);
			path = Recommendation;
			sourceTree = "<group>";
		};
		A264278829A57179009C9F78 /* GetMood */ = {
			isa = PBXGroup;
			children = (
				A264278929A571C0009C9F78 /* GetMoodViewModel.swift */,
			);
			path = GetMood;
			sourceTree = "<group>";
		};
		A271D4882977EEBE00A8AAC6 /* Login */ = {
			isa = PBXGroup;
			children = (
				A271D4892977EED300A8AAC6 /* LoginView.swift */,
				A271D4AA29783E2D00A8AAC6 /* LoginDetailsModel.swift */,
				A271D4AC29783EA100A8AAC6 /* LoginService.swift */,
				A271D4AE2978405B00A8AAC6 /* LoginViewModel.swift */,
			);
			path = Login;
			sourceTree = "<group>";
		};
		A271D48B2977EFB300A8AAC6 /* Base */ = {
			isa = PBXGroup;
			children = (
				A271D48C2977EFF700A8AAC6 /* TextFieldView.swift */,
				A271D48E2977F6EF00A8AAC6 /* SecureFieldView.swift */,
				A271D4902977F7CC00A8AAC6 /* ButtonView.swift */,
				A271D495297801C000A8AAC6 /* CloseModifier.swift */,
				A2823E69298B10E400224E5A /* DatePickerView.swift */,
				A23F66B129954628009E279D /* UserToolbar.swift */,
			);
			path = Base;
			sourceTree = "<group>";
		};
		A271D4922977FF7B00A8AAC6 /* Register */ = {
			isa = PBXGroup;
			children = (
				A271D4932977FFD200A8AAC6 /* RegisterView.swift */,
				A271D49D297819F000A8AAC6 /* RegisterDetailsModel.swift */,
				A271D49F29781A5600A8AAC6 /* RegisterService.swift */,
				A271D4A1297820E200A8AAC6 /* RegisterViewModel.swift */,
			);
			path = Register;
			sourceTree = "<group>";
		};
		A271D4972978039400A8AAC6 /* Home */ = {
			isa = PBXGroup;
			children = (
				A271D498297803A900A8AAC6 /* HomeView.swift */,
				A23F66A829911B70009E279D /* TaskNumCardView.swift */,
				A2BDB20A29BA230200B2426E /* RiskTaskCardView.swift */,
				A248303129B328A500C6FC06 /* NearlyDueCardView.swift */,
			);
			path = Home;
			sourceTree = "<group>";
		};
		A271D49A2978064300A8AAC6 /* ResetPassword */ = {
			isa = PBXGroup;
			children = (
				A271D49B2978067400A8AAC6 /* ResetPasswordView.swift */,
				A271D4B02978459200A8AAC6 /* ResetPasswordService.swift */,
				A271D4B22978473500A8AAC6 /* ResetPasswordViewModel.swift */,
			);
			path = ResetPassword;
			sourceTree = "<group>";
		};
		A271D4A329782F3000A8AAC6 /* Session */ = {
			isa = PBXGroup;
			children = (
				A271D4A429782F4100A8AAC6 /* SessionUserModel.swift */,
				A271D4A629782FF200A8AAC6 /* SessionService.swift */,
			);
			path = Session;
			sourceTree = "<group>";
		};
		A271D4B429787A3B00A8AAC6 /* AddTask */ = {
			isa = PBXGroup;
			children = (
				A271D4B5297899C800A8AAC6 /* AddTaskView.swift */,
				A271D4BB2978A17900A8AAC6 /* AddTaskService.swift */,
				A271D4BD2978A4D800A8AAC6 /* AddTaskViewModel.swift */,
			);
			path = AddTask;
			sourceTree = "<group>";
		};
		A271D4B7297899E700A8AAC6 /* Task */ = {
			isa = PBXGroup;
			children = (
				A271D4B92978A0ED00A8AAC6 /* TaskModel.swift */,
				A2823E682989AD8600224E5A /* TaskStatus */,
				A23F66AA29924417009E279D /* SubtaskModel.swift */,
			);
			path = Task;
			sourceTree = "<group>";
		};
		A271D4BF2979459700A8AAC6 /* ShowAndDeleteTask */ = {
			isa = PBXGroup;
			children = (
				A271D4C0297945AC00A8AAC6 /* ShowAllTasksView.swift */,
				A271D4C42979498600A8AAC6 /* ShowAllTasksViewModel.swift */,
				A271D4C22979475B00A8AAC6 /* ShowTaskCardView.swift */,
				A271D4C629795B8C00A8AAC6 /* ShowTaskDetailsView.swift */,
			);
			path = ShowAndDeleteTask;
			sourceTree = "<group>";
		};
		A271D4C8297979CA00A8AAC6 /* UpdateTask */ = {
			isa = PBXGroup;
			children = (
				A271D4C9297979F600A8AAC6 /* UpdateTaskView.swift */,
				A271D4CB29797EF100A8AAC6 /* UpdateTaskViewModel.swift */,
				A271D4CD297983D300A8AAC6 /* UpdateTaskService.swift */,
			);
			path = UpdateTask;
			sourceTree = "<group>";
		};
		A2823E682989AD8600224E5A /* TaskStatus */ = {
			isa = PBXGroup;
			children = (
				A2F0DDF92981996C001AF1BB /* TaskStatusSelection.swift */,
				A2F0DDFB29819B61001AF1BB /* TaskStatusView.swift */,
				A2F0DDFD2981D31C001AF1BB /* TaskStatusPickerView.swift */,
			);
			path = TaskStatus;
			sourceTree = "<group>";
		};
		A2BDB20329BA0EC800B2426E /* Notification */ = {
			isa = PBXGroup;
			children = (
				A2BDB20429BA0F5E00B2426E /* NotificationManager.swift */,
				A2BDB20629BA0F9500B2426E /* LocalNotificationView.swift */,
			);
			path = Notification;
			sourceTree = "<group>";
		};
		A2DDAA7C2976F18F007369AB = {
			isa = PBXGroup;
			children = (
				A2DDAA872976F18F007369AB /* firebaseTest */,
				A2DDAA862976F18F007369AB /* Products */,
				A2DDAA9F297740AE007369AB /* Frameworks */,
			);
			sourceTree = "<group>";
		};
		A2DDAA862976F18F007369AB /* Products */ = {
			isa = PBXGroup;
			children = (
				A2DDAA852976F18F007369AB /* firebaseTest.app */,
			);
			name = Products;
			sourceTree = "<group>";
		};
		A2DDAA872976F18F007369AB /* firebaseTest */ = {
			isa = PBXGroup;
			children = (
				A2F0DDF72979EB2A001AF1BB /* MainView.swift */,
				A2BDB20329BA0EC800B2426E /* Notification */,
				A24D42DD29B9F04D00313720 /* Recommendation */,
				A23F66B3299BD07A009E279D /* Mood */,
				A23F66AC2993BABA009E279D /* LockApp */,
				A2F0DDF42979E591001AF1BB /* Profile */,
				A271D4C8297979CA00A8AAC6 /* UpdateTask */,
				A271D4BF2979459700A8AAC6 /* ShowAndDeleteTask */,
				A271D4B7297899E700A8AAC6 /* Task */,
				A271D4B429787A3B00A8AAC6 /* AddTask */,
				A271D4A329782F3000A8AAC6 /* Session */,
				A271D48B2977EFB300A8AAC6 /* Base */,
				A271D4972978039400A8AAC6 /* Home */,
				A271D49A2978064300A8AAC6 /* ResetPassword */,
				A271D4922977FF7B00A8AAC6 /* Register */,
				A271D4882977EEBE00A8AAC6 /* Login */,
				A2DDAA882976F18F007369AB /* firebaseTestApp.swift */,
				A2DDAA8A2976F18F007369AB /* ContentView.swift */,
				A2DDAA8C2976F190007369AB /* Assets.xcassets */,
				A271D4A829783C4E00A8AAC6 /* GoogleService-Info.plist */,
				A2DDAA8E2976F190007369AB /* Preview Content */,
			);
			path = firebaseTest;
			sourceTree = "<group>";
		};
		A2DDAA8E2976F190007369AB /* Preview Content */ = {
			isa = PBXGroup;
			children = (
				A2DDAA8F2976F190007369AB /* Preview Assets.xcassets */,
			);
			path = "Preview Content";
			sourceTree = "<group>";
		};
		A2DDAA9F297740AE007369AB /* Frameworks */ = {
			isa = PBXGroup;
			children = (
			);
			name = Frameworks;
			sourceTree = "<group>";
		};
		A2F0DDF42979E591001AF1BB /* Profile */ = {
			isa = PBXGroup;
			children = (
				A2F0DDF52979E5A9001AF1BB /* ProfileView.swift */,
			);
			path = Profile;
			sourceTree = "<group>";
		};
/* End PBXGroup section */

/* Begin PBXNativeTarget section */
		A2DDAA842976F18F007369AB /* firebaseTest */ = {
			isa = PBXNativeTarget;
			buildConfigurationList = A2DDAA932976F190007369AB /* Build configuration list for PBXNativeTarget "firebaseTest" */;
			buildPhases = (
				A2DDAA812976F18F007369AB /* Sources */,
				A2DDAA822976F18F007369AB /* Frameworks */,
				A2DDAA832976F18F007369AB /* Resources */,
			);
			buildRules = (
			);
			dependencies = (
			);
			name = firebaseTest;
			packageProductDependencies = (
				A2DDAA9B2976F956007369AB /* FirebaseAuth */,
				A2DDAA9D2976F956007369AB /* FirebaseFirestore */,
				A2DDAAA0297740AE007369AB /* FirebaseDatabase */,
			);
			productName = firebaseTest;
			productReference = A2DDAA852976F18F007369AB /* firebaseTest.app */;
			productType = "com.apple.product-type.application";
		};
/* End PBXNativeTarget section */

/* Begin PBXProject section */
		A2DDAA7D2976F18F007369AB /* Project object */ = {
			isa = PBXProject;
			attributes = {
				BuildIndependentTargetsInParallel = 1;
				LastSwiftUpdateCheck = 1410;
				LastUpgradeCheck = 1410;
				TargetAttributes = {
					A2DDAA842976F18F007369AB = {
						CreatedOnToolsVersion = 14.1;
					};
				};
			};
			buildConfigurationList = A2DDAA802976F18F007369AB /* Build configuration list for PBXProject "firebaseTest" */;
			compatibilityVersion = "Xcode 14.0";
			developmentRegion = en;
			hasScannedForEncodings = 0;
			knownRegions = (
				en,
				Base,
			);
			mainGroup = A2DDAA7C2976F18F007369AB;
			packageReferences = (
				A2DDAA9A2976F956007369AB /* XCRemoteSwiftPackageReference "firebase-ios-sdk" */,
			);
			productRefGroup = A2DDAA862976F18F007369AB /* Products */;
			projectDirPath = "";
			projectRoot = "";
			targets = (
				A2DDAA842976F18F007369AB /* firebaseTest */,
			);
		};
/* End PBXProject section */

/* Begin PBXResourcesBuildPhase section */
		A2DDAA832976F18F007369AB /* Resources */ = {
			isa = PBXResourcesBuildPhase;
			buildActionMask = 2147483647;
			files = (
				A2DDAA902976F190007369AB /* Preview Assets.xcassets in Resources */,
				A271D4A929783C4E00A8AAC6 /* GoogleService-Info.plist in Resources */,
				A2DDAA8D2976F190007369AB /* Assets.xcassets in Resources */,
			);
			runOnlyForDeploymentPostprocessing = 0;
		};
/* End PBXResourcesBuildPhase section */

/* Begin PBXSourcesBuildPhase section */
		A2DDAA812976F18F007369AB /* Sources */ = {
			isa = PBXSourcesBuildPhase;
			buildActionMask = 2147483647;
			files = (
				A271D48F2977F6EF00A8AAC6 /* SecureFieldView.swift in Sources */,
				A23F66B5299BD09C009E279D /* MoodView.swift in Sources */,
				A271D4BA2978A0ED00A8AAC6 /* TaskModel.swift in Sources */,
				A264278729A53B5F009C9F78 /* MoodSelection.swift in Sources */,
				A271D496297801C000A8AAC6 /* CloseModifier.swift in Sources */,
				A271D4C1297945AC00A8AAC6 /* ShowAllTasksView.swift in Sources */,
				A271D4BC2978A17900A8AAC6 /* AddTaskService.swift in Sources */,
				A271D499297803A900A8AAC6 /* HomeView.swift in Sources */,
				A271D4A729782FF200A8AAC6 /* SessionService.swift in Sources */,
				A2823E6A298B10E400224E5A /* DatePickerView.swift in Sources */,
				A271D4C32979475B00A8AAC6 /* ShowTaskCardView.swift in Sources */,
				A23F66B7299BD3F9009E279D /* MoodInputCardView.swift in Sources */,
				A264278C29A57DD9009C9F78 /* MoodChartView.swift in Sources */,
				A2F0DDFC29819B61001AF1BB /* TaskStatusView.swift in Sources */,
				A271D4A029781A5600A8AAC6 /* RegisterService.swift in Sources */,
				A2BDB20529BA0F5E00B2426E /* NotificationManager.swift in Sources */,
				A271D4BE2978A4D800A8AAC6 /* AddTaskViewModel.swift in Sources */,
				A23F66B02993BDB2009E279D /* LockAppViewModel.swift in Sources */,
				A23F66B9299BD719009E279D /* MoodModel.swift in Sources */,
				A24D42E129B9F0AB00313720 /* WebViewModel.swift in Sources */,
				A2F0DDF82979EB2A001AF1BB /* MainView.swift in Sources */,
				A271D4CC29797EF100A8AAC6 /* UpdateTaskViewModel.swift in Sources */,
				A271D4AB29783E2D00A8AAC6 /* LoginDetailsModel.swift in Sources */,
				A2BDB20929BA1A9800B2426E /* MeditationVideoView.swift in Sources */,
				A271D4C729795B8C00A8AAC6 /* ShowTaskDetailsView.swift in Sources */,
				A271D48D2977EFF700A8AAC6 /* TextFieldView.swift in Sources */,
				A248303229B328A500C6FC06 /* NearlyDueCardView.swift in Sources */,
				A2DDAA8B2976F18F007369AB /* ContentView.swift in Sources */,
				A2F0DDFE2981D31C001AF1BB /* TaskStatusPickerView.swift in Sources */,
				A264278A29A571C0009C9F78 /* GetMoodViewModel.swift in Sources */,
				A271D48A2977EED300A8AAC6 /* LoginView.swift in Sources */,
				A271D4CA297979F600A8AAC6 /* UpdateTaskView.swift in Sources */,
				A271D4B12978459200A8AAC6 /* ResetPasswordService.swift in Sources */,
				A271D4B6297899C800A8AAC6 /* AddTaskView.swift in Sources */,
				A23F66A929911B70009E279D /* TaskNumCardView.swift in Sources */,
				A271D4C52979498600A8AAC6 /* ShowAllTasksViewModel.swift in Sources */,
				A23F66AE2993BB36009E279D /* LockAppView.swift in Sources */,
				A271D49C2978067400A8AAC6 /* ResetPasswordView.swift in Sources */,
				A271D4A2297820E200A8AAC6 /* RegisterViewModel.swift in Sources */,
				A271D4942977FFD200A8AAC6 /* RegisterView.swift in Sources */,
				A20C3D7829AA3BE00020CCE2 /* MoodLineView.swift in Sources */,
				A271D4AD29783EA100A8AAC6 /* LoginService.swift in Sources */,
				A271D4CE297983D300A8AAC6 /* UpdateTaskService.swift in Sources */,
				A271D49E297819F000A8AAC6 /* RegisterDetailsModel.swift in Sources */,
				A2DDAA892976F18F007369AB /* firebaseTestApp.swift in Sources */,
				A24D42DF29B9F07F00313720 /* CheerVideoView.swift in Sources */,
				A2BDB20B29BA230200B2426E /* RiskTaskCardView.swift in Sources */,
				A271D4A529782F4100A8AAC6 /* SessionUserModel.swift in Sources */,
				A24D42E329B9F0D600313720 /* WebViewContainer.swift in Sources */,
				A2BDB20729BA0F9500B2426E /* LocalNotificationView.swift in Sources */,
				A24D42BA29B8D84F00313720 /* MoodCalendarView.swift in Sources */,
				A2F0DDFA2981996C001AF1BB /* TaskStatusSelection.swift in Sources */,
				A23F66AB29924417009E279D /* SubtaskModel.swift in Sources */,
				A271D4AF2978405B00A8AAC6 /* LoginViewModel.swift in Sources */,
				A23F66B229954628009E279D /* UserToolbar.swift in Sources */,
				A23F66BC299BDE3E009E279D /* AddMoodService.swift in Sources */,
				A23F66BE299BDF96009E279D /* AddMoodViewModel.swift in Sources */,
				A271D4912977F7CC00A8AAC6 /* ButtonView.swift in Sources */,
				A2F0DDF62979E5A9001AF1BB /* ProfileView.swift in Sources */,
				A271D4B32978473500A8AAC6 /* ResetPasswordViewModel.swift in Sources */,
			);
			runOnlyForDeploymentPostprocessing = 0;
		};
/* End PBXSourcesBuildPhase section */

/* Begin XCBuildConfiguration section */
		A2DDAA912976F190007369AB /* Debug */ = {
			isa = XCBuildConfiguration;
			buildSettings = {
				ALWAYS_SEARCH_USER_PATHS = NO;
				CLANG_ANALYZER_NONNULL = YES;
				CLANG_ANALYZER_NUMBER_OBJECT_CONVERSION = YES_AGGRESSIVE;
				CLANG_CXX_LANGUAGE_STANDARD = "gnu++20";
				CLANG_ENABLE_MODULES = YES;
				CLANG_ENABLE_OBJC_ARC = YES;
				CLANG_ENABLE_OBJC_WEAK = YES;
				CLANG_WARN_BLOCK_CAPTURE_AUTORELEASING = YES;
				CLANG_WARN_BOOL_CONVERSION = YES;
				CLANG_WARN_COMMA = YES;
				CLANG_WARN_CONSTANT_CONVERSION = YES;
				CLANG_WARN_DEPRECATED_OBJC_IMPLEMENTATIONS = YES;
				CLANG_WARN_DIRECT_OBJC_ISA_USAGE = YES_ERROR;
				CLANG_WARN_DOCUMENTATION_COMMENTS = YES;
				CLANG_WARN_EMPTY_BODY = YES;
				CLANG_WARN_ENUM_CONVERSION = YES;
				CLANG_WARN_INFINITE_RECURSION = YES;
				CLANG_WARN_INT_CONVERSION = YES;
				CLANG_WARN_NON_LITERAL_NULL_CONVERSION = YES;
				CLANG_WARN_OBJC_IMPLICIT_RETAIN_SELF = YES;
				CLANG_WARN_OBJC_LITERAL_CONVERSION = YES;
				CLANG_WARN_OBJC_ROOT_CLASS = YES_ERROR;
				CLANG_WARN_QUOTED_INCLUDE_IN_FRAMEWORK_HEADER = YES;
				CLANG_WARN_RANGE_LOOP_ANALYSIS = YES;
				CLANG_WARN_STRICT_PROTOTYPES = YES;
				CLANG_WARN_SUSPICIOUS_MOVE = YES;
				CLANG_WARN_UNGUARDED_AVAILABILITY = YES_AGGRESSIVE;
				CLANG_WARN_UNREACHABLE_CODE = YES;
				CLANG_WARN__DUPLICATE_METHOD_MATCH = YES;
				COPY_PHASE_STRIP = NO;
				DEBUG_INFORMATION_FORMAT = dwarf;
				ENABLE_STRICT_OBJC_MSGSEND = YES;
				ENABLE_TESTABILITY = YES;
				GCC_C_LANGUAGE_STANDARD = gnu11;
				GCC_DYNAMIC_NO_PIC = NO;
				GCC_NO_COMMON_BLOCKS = YES;
				GCC_OPTIMIZATION_LEVEL = 0;
				GCC_PREPROCESSOR_DEFINITIONS = (
					"DEBUG=1",
					"$(inherited)",
				);
				GCC_WARN_64_TO_32_BIT_CONVERSION = YES;
				GCC_WARN_ABOUT_RETURN_TYPE = YES_ERROR;
				GCC_WARN_UNDECLARED_SELECTOR = YES;
				GCC_WARN_UNINITIALIZED_AUTOS = YES_AGGRESSIVE;
				GCC_WARN_UNUSED_FUNCTION = YES;
				GCC_WARN_UNUSED_VARIABLE = YES;
				IPHONEOS_DEPLOYMENT_TARGET = 16.1;
				MTL_ENABLE_DEBUG_INFO = INCLUDE_SOURCE;
				MTL_FAST_MATH = YES;
				ONLY_ACTIVE_ARCH = YES;
				SDKROOT = iphoneos;
				SWIFT_ACTIVE_COMPILATION_CONDITIONS = DEBUG;
				SWIFT_OPTIMIZATION_LEVEL = "-Onone";
			};
			name = Debug;
		};
		A2DDAA922976F190007369AB /* Release */ = {
			isa = XCBuildConfiguration;
			buildSettings = {
				ALWAYS_SEARCH_USER_PATHS = NO;
				CLANG_ANALYZER_NONNULL = YES;
				CLANG_ANALYZER_NUMBER_OBJECT_CONVERSION = YES_AGGRESSIVE;
				CLANG_CXX_LANGUAGE_STANDARD = "gnu++20";
				CLANG_ENABLE_MODULES = YES;
				CLANG_ENABLE_OBJC_ARC = YES;
				CLANG_ENABLE_OBJC_WEAK = YES;
				CLANG_WARN_BLOCK_CAPTURE_AUTORELEASING = YES;
				CLANG_WARN_BOOL_CONVERSION = YES;
				CLANG_WARN_COMMA = YES;
				CLANG_WARN_CONSTANT_CONVERSION = YES;
				CLANG_WARN_DEPRECATED_OBJC_IMPLEMENTATIONS = YES;
				CLANG_WARN_DIRECT_OBJC_ISA_USAGE = YES_ERROR;
				CLANG_WARN_DOCUMENTATION_COMMENTS = YES;
				CLANG_WARN_EMPTY_BODY = YES;
				CLANG_WARN_ENUM_CONVERSION = YES;
				CLANG_WARN_INFINITE_RECURSION = YES;
				CLANG_WARN_INT_CONVERSION = YES;
				CLANG_WARN_NON_LITERAL_NULL_CONVERSION = YES;
				CLANG_WARN_OBJC_IMPLICIT_RETAIN_SELF = YES;
				CLANG_WARN_OBJC_LITERAL_CONVERSION = YES;
				CLANG_WARN_OBJC_ROOT_CLASS = YES_ERROR;
				CLANG_WARN_QUOTED_INCLUDE_IN_FRAMEWORK_HEADER = YES;
				CLANG_WARN_RANGE_LOOP_ANALYSIS = YES;
				CLANG_WARN_STRICT_PROTOTYPES = YES;
				CLANG_WARN_SUSPICIOUS_MOVE = YES;
				CLANG_WARN_UNGUARDED_AVAILABILITY = YES_AGGRESSIVE;
				CLANG_WARN_UNREACHABLE_CODE = YES;
				CLANG_WARN__DUPLICATE_METHOD_MATCH = YES;
				COPY_PHASE_STRIP = NO;
				DEBUG_INFORMATION_FORMAT = "dwarf-with-dsym";
				ENABLE_NS_ASSERTIONS = NO;
				ENABLE_STRICT_OBJC_MSGSEND = YES;
				GCC_C_LANGUAGE_STANDARD = gnu11;
				GCC_NO_COMMON_BLOCKS = YES;
				GCC_WARN_64_TO_32_BIT_CONVERSION = YES;
				GCC_WARN_ABOUT_RETURN_TYPE = YES_ERROR;
				GCC_WARN_UNDECLARED_SELECTOR = YES;
				GCC_WARN_UNINITIALIZED_AUTOS = YES_AGGRESSIVE;
				GCC_WARN_UNUSED_FUNCTION = YES;
				GCC_WARN_UNUSED_VARIABLE = YES;
				IPHONEOS_DEPLOYMENT_TARGET = 16.1;
				MTL_ENABLE_DEBUG_INFO = NO;
				MTL_FAST_MATH = YES;
				SDKROOT = iphoneos;
				SWIFT_COMPILATION_MODE = wholemodule;
				SWIFT_OPTIMIZATION_LEVEL = "-O";
				VALIDATE_PRODUCT = YES;
			};
			name = Release;
		};
		A2DDAA942976F190007369AB /* Debug */ = {
			isa = XCBuildConfiguration;
			buildSettings = {
				ASSETCATALOG_COMPILER_APPICON_NAME = AppIcon;
				ASSETCATALOG_COMPILER_GLOBAL_ACCENT_COLOR_NAME = AccentColor;
				CODE_SIGN_STYLE = Automatic;
				CURRENT_PROJECT_VERSION = 1;
				DEVELOPMENT_ASSET_PATHS = "\"firebaseTest/Preview Content\"";
				DEVELOPMENT_TEAM = 3CPDUDCY5K;
				ENABLE_PREVIEWS = YES;
				GENERATE_INFOPLIST_FILE = YES;
				INFOPLIST_KEY_UIApplicationSceneManifest_Generation = YES;
				INFOPLIST_KEY_UIApplicationSupportsIndirectInputEvents = YES;
				INFOPLIST_KEY_UILaunchScreen_Generation = YES;
				INFOPLIST_KEY_UISupportedInterfaceOrientations_iPad = "UIInterfaceOrientationPortrait UIInterfaceOrientationPortraitUpsideDown UIInterfaceOrientationLandscapeLeft UIInterfaceOrientationLandscapeRight";
				INFOPLIST_KEY_UISupportedInterfaceOrientations_iPhone = "UIInterfaceOrientationPortrait UIInterfaceOrientationLandscapeLeft UIInterfaceOrientationLandscapeRight";
				IPHONEOS_DEPLOYMENT_TARGET = 16.0;
				LD_RUNPATH_SEARCH_PATHS = (
					"$(inherited)",
					"@executable_path/Frameworks",
				);
				MARKETING_VERSION = 1.0;
				PRODUCT_BUNDLE_IDENTIFIER = zy.firebaseTest;
				PRODUCT_NAME = "$(TARGET_NAME)";
				SWIFT_EMIT_LOC_STRINGS = YES;
				SWIFT_VERSION = 5.0;
				TARGETED_DEVICE_FAMILY = "1,2";
			};
			name = Debug;
		};
		A2DDAA952976F190007369AB /* Release */ = {
			isa = XCBuildConfiguration;
			buildSettings = {
				ASSETCATALOG_COMPILER_APPICON_NAME = AppIcon;
				ASSETCATALOG_COMPILER_GLOBAL_ACCENT_COLOR_NAME = AccentColor;
				CODE_SIGN_STYLE = Automatic;
				CURRENT_PROJECT_VERSION = 1;
				DEVELOPMENT_ASSET_PATHS = "\"firebaseTest/Preview Content\"";
				DEVELOPMENT_TEAM = 3CPDUDCY5K;
				ENABLE_PREVIEWS = YES;
				GENERATE_INFOPLIST_FILE = YES;
				INFOPLIST_KEY_UIApplicationSceneManifest_Generation = YES;
				INFOPLIST_KEY_UIApplicationSupportsIndirectInputEvents = YES;
				INFOPLIST_KEY_UILaunchScreen_Generation = YES;
				INFOPLIST_KEY_UISupportedInterfaceOrientations_iPad = "UIInterfaceOrientationPortrait UIInterfaceOrientationPortraitUpsideDown UIInterfaceOrientationLandscapeLeft UIInterfaceOrientationLandscapeRight";
				INFOPLIST_KEY_UISupportedInterfaceOrientations_iPhone = "UIInterfaceOrientationPortrait UIInterfaceOrientationLandscapeLeft UIInterfaceOrientationLandscapeRight";
				IPHONEOS_DEPLOYMENT_TARGET = 16.0;
				LD_RUNPATH_SEARCH_PATHS = (
					"$(inherited)",
					"@executable_path/Frameworks",
				);
				MARKETING_VERSION = 1.0;
				PRODUCT_BUNDLE_IDENTIFIER = zy.firebaseTest;
				PRODUCT_NAME = "$(TARGET_NAME)";
				SWIFT_EMIT_LOC_STRINGS = YES;
				SWIFT_VERSION = 5.0;
				TARGETED_DEVICE_FAMILY = "1,2";
			};
			name = Release;
		};
/* End XCBuildConfiguration section */

/* Begin XCConfigurationList section */
		A2DDAA802976F18F007369AB /* Build configuration list for PBXProject "firebaseTest" */ = {
			isa = XCConfigurationList;
			buildConfigurations = (
				A2DDAA912976F190007369AB /* Debug */,
				A2DDAA922976F190007369AB /* Release */,
			);
			defaultConfigurationIsVisible = 0;
			defaultConfigurationName = Release;
		};
		A2DDAA932976F190007369AB /* Build configuration list for PBXNativeTarget "firebaseTest" */ = {
			isa = XCConfigurationList;
			buildConfigurations = (
				A2DDAA942976F190007369AB /* Debug */,
				A2DDAA952976F190007369AB /* Release */,
			);
			defaultConfigurationIsVisible = 0;
			defaultConfigurationName = Release;
		};
/* End XCConfigurationList section */

/* Begin XCRemoteSwiftPackageReference section */
		A2DDAA9A2976F956007369AB /* XCRemoteSwiftPackageReference "firebase-ios-sdk" */ = {
			isa = XCRemoteSwiftPackageReference;
			repositoryURL = "https://github.com/firebase/firebase-ios-sdk";
			requirement = {
				kind = upToNextMajorVersion;
				minimumVersion = 9.0.0;
			};
		};
/* End XCRemoteSwiftPackageReference section */

/* Begin XCSwiftPackageProductDependency section */
		A2DDAA9B2976F956007369AB /* FirebaseAuth */ = {
			isa = XCSwiftPackageProductDependency;
			package = A2DDAA9A2976F956007369AB /* XCRemoteSwiftPackageReference "firebase-ios-sdk" */;
			productName = FirebaseAuth;
		};
		A2DDAA9D2976F956007369AB /* FirebaseFirestore */ = {
			isa = XCSwiftPackageProductDependency;
			package = A2DDAA9A2976F956007369AB /* XCRemoteSwiftPackageReference "firebase-ios-sdk" */;
			productName = FirebaseFirestore;
		};
		A2DDAAA0297740AE007369AB /* FirebaseDatabase */ = {
			isa = XCSwiftPackageProductDependency;
			package = A2DDAA9A2976F956007369AB /* XCRemoteSwiftPackageReference "firebase-ios-sdk" */;
			productName = FirebaseDatabase;
		};
/* End XCSwiftPackageProductDependency section */
	};
	rootObject = A2DDAA7D2976F18F007369AB /* Project object */;
}
